
Microsoft Visual Studio Solution File, Format Version 12.00
# Visual Studio Version 17
VisualStudioVersion = 17.9.34607.119
MinimumVisualStudioVersion = 10.0.40219.1
Project("{FAE04EC0-301F-11D3-BF4B-00C04F79EFBC}") = "ReadMe", "ReadMe.csproj", "{10DF2B06-6DFF-4B33-8255-14565BCB7F3B}"
EndProject
Global
	GlobalSection(SolutionConfigurationPlatforms) = preSolution
		Debug|Any CPU = Debug|Any CPU
		Release|Any CPU = Release|Any CPU
	EndGlobalSection
	GlobalSection(ProjectConfigurationPlatforms) = postSolution
		{10DF2B06-6DFF-4B33-8255-14565BCB7F3B}.Debug|Any CPU.ActiveCfg = Debug|Any CPU
		{10DF2B06-6DFF-4B33-8255-14565BCB7F3B}.Debug|Any CPU.Build.0 = Debug|Any CPU
		{10DF2B06-6DFF-4B33-8255-14565BCB7F3B}.Debug|Any CPU.Deploy.0 = Debug|Any CPU
		{10DF2B06-6DFF-4B33-8255-14565BCB7F3B}.Release|Any CPU.ActiveCfg = Release|Any CPU
		{10DF2B06-6DFF-4B33-8255-14565BCB7F3B}.Release|Any CPU.Build.0 = Release|Any CPU
		{10DF2B06-6DFF-4B33-8255-14565BCB7F3B}.Release|Any CPU.Deploy.0 = Release|Any CPU
	EndGlobalSection
	GlobalSection(SolutionProperties) = preSolution
		HideSolutionNode = FALSE
	EndGlobalSection
	GlobalSection(ExtensibilityGlobals) = postSolution
		SolutionGuid = {FDBF4008-CB54-45D1-B1B2-D0B8A4EC4BCD}
	EndGlobalSection
EndGlobal
